
Microsoft Visual Studio Solution File, Format Version 12.00
# Visual Studio Version 17
VisualStudioVersion = 17.12.35527.113 d17.12
MinimumVisualStudioVersion = 10.0.40219.1
Project("{FAE04EC0-301F-11D3-BF4B-00C04F79EFBC}") = "ExamPreparation2", "ExamPreparation2.csproj", "{DB96F5AB-58A6-405A-BDF1-AD3D35BCBABA}"
EndProject
Global
	GlobalSection(SolutionConfigurationPlatforms) = preSolution
		Debug|Any CPU = Debug|Any CPU
		Release|Any CPU = Release|Any CPU
	EndGlobalSection
	GlobalSection(ProjectConfigurationPlatforms) = postSolution
		{DB96F5AB-58A6-405A-BDF1-AD3D35BCBABA}.Debug|Any CPU.ActiveCfg = Debug|Any CPU
		{DB96F5AB-58A6-405A-BDF1-AD3D35BCBABA}.Debug|Any CPU.Build.0 = Debug|Any CPU
		{DB96F5AB-58A6-405A-BDF1-AD3D35BCBABA}.Release|Any CPU.ActiveCfg = Release|Any CPU
		{DB96F5AB-58A6-405A-BDF1-AD3D35BCBABA}.Release|Any CPU.Build.0 = Release|Any CPU
	EndGlobalSection
	GlobalSection(SolutionProperties) = preSolution
		HideSolutionNode = FALSE
	EndGlobalSection
EndGlobal
